
Microsoft Visual Studio Solution File, Format Version 12.00
# Visual Studio 2015
Project("{FAE04EC0-301F-11D3-BF4B-00C04F79EFBC}") = "3DRenderer", "3DRenderer.csproj", "{58BCD897-1982-D662-C9D9-262B97D1103D}"
EndProject
Project("{FAE04EC0-301F-11D3-BF4B-00C04F79EFBC}") = "3DRenderer.Editor", "3DRenderer.Editor.csproj", "{C7EDBAA3-B9E9-13E2-5037-81BADAFF375B}"
EndProject
Global
	GlobalSection(SolutionConfigurationPlatforms) = preSolution
		Debug|Any CPU = Debug|Any CPU
		Release|Any CPU = Release|Any CPU
	EndGlobalSection
	GlobalSection(ProjectConfigurationPlatforms) = postSolution
		{58BCD897-1982-D662-C9D9-262B97D1103D}.Debug|Any CPU.ActiveCfg = Debug|Any CPU
		{58BCD897-1982-D662-C9D9-262B97D1103D}.Debug|Any CPU.Build.0 = Debug|Any CPU
		{58BCD897-1982-D662-C9D9-262B97D1103D}.Release|Any CPU.ActiveCfg = Release|Any CPU
		{58BCD897-1982-D662-C9D9-262B97D1103D}.Release|Any CPU.Build.0 = Release|Any CPU
		{C7EDBAA3-B9E9-13E2-5037-81BADAFF375B}.Debug|Any CPU.ActiveCfg = Debug|Any CPU
		{C7EDBAA3-B9E9-13E2-5037-81BADAFF375B}.Debug|Any CPU.Build.0 = Debug|Any CPU
		{C7EDBAA3-B9E9-13E2-5037-81BADAFF375B}.Release|Any CPU.ActiveCfg = Release|Any CPU
		{C7EDBAA3-B9E9-13E2-5037-81BADAFF375B}.Release|Any CPU.Build.0 = Release|Any CPU
	EndGlobalSection
	GlobalSection(SolutionProperties) = preSolution
		HideSolutionNode = FALSE
	EndGlobalSection
EndGlobal
