Microsoft Visual Studio Solution File, Format Version 11.00
# Visual Studio 2008

Project("{74F99EB0-AF30-41FE-E888-251ABBE26AF3}") = "3DRenderer", "Assembly-CSharp.csproj", "{CA2071B0-80E5-EC02-C545-9A045E96B575}"
EndProject
Global
	GlobalSection(SolutionConfigurationPlatforms) = preSolution
		Debug|Any CPU = Debug|Any CPU
		Release|Any CPU = Release|Any CPU
	EndGlobalSection
	GlobalSection(ProjectConfigurationPlatforms) = postSolution
		{CA2071B0-80E5-EC02-C545-9A045E96B575}.Debug|Any CPU.ActiveCfg = Debug|Any CPU
		{CA2071B0-80E5-EC02-C545-9A045E96B575}.Debug|Any CPU.Build.0 = Debug|Any CPU
		{CA2071B0-80E5-EC02-C545-9A045E96B575}.Release|Any CPU.ActiveCfg = Release|Any CPU
		{CA2071B0-80E5-EC02-C545-9A045E96B575}.Release|Any CPU.Build.0 = Release|Any CPU
	EndGlobalSection
	GlobalSection(SolutionProperties) = preSolution
		HideSolutionNode = FALSE
	EndGlobalSection
	GlobalSection(MonoDevelopProperties) = preSolution
		StartupItem = Assembly-CSharp.csproj
	EndGlobalSection
EndGlobal
